// !$*UTF8*$!
{
	archiveVersion = 1;
	classes = {
	};
	objectVersion = 46;
	objects = {

/* Begin PBXBuildFile section */
		557A79F91D75265800C2B61D /* main.cpp in Sources */ = {isa = PBXBuildFile; fileRef = 557A79F81D75265800C2B61D /* main.cpp */; };
		557A7A011D75277600C2B61D /* node-list.cpp in Sources */ = {isa = PBXBuildFile; fileRef = 557A79FF1D75277600C2B61D /* node-list.cpp */; };
/* End PBXBuildFile section */

/* Begin PBXCopyFilesBuildPhase section */
		557A79F31D75265800C2B61D /* CopyFiles */ = {
			isa = PBXCopyFilesBuildPhase;
			buildActionMask = 2147483647;
			dstPath = /usr/share/man/man1/;
			dstSubfolderSpec = 0;
			files = (
			);
			runOnlyForDeploymentPostprocessing = 1;
		};
/* End PBXCopyFilesBuildPhase section */

/* Begin PBXFileReference section */
		557A79F51D75265800C2B61D /* Cpp-temp */ = {isa = PBXFileReference; explicitFileType = "compiled.mach-o.executable"; includeInIndex = 0; path = "Cpp-temp"; sourceTree = BUILT_PRODUCTS_DIR; };
		557A79F81D75265800C2B61D /* main.cpp */ = {isa = PBXFileReference; lastKnownFileType = sourcecode.cpp.cpp; path = main.cpp; sourceTree = "<group>"; };
		557A79FF1D75277600C2B61D /* node-list.cpp */ = {isa = PBXFileReference; fileEncoding = 4; lastKnownFileType = sourcecode.cpp.cpp; path = "node-list.cpp"; sourceTree = "<group>"; };
		557A7A001D75277600C2B61D /* main.hpp */ = {isa = PBXFileReference; fileEncoding = 4; lastKnownFileType = sourcecode.cpp.h; path = main.hpp; sourceTree = "<group>"; };
/* End PBXFileReference section */

/* Begin PBXFrameworksBuildPhase section */
		557A79F21D75265800C2B61D /* Frameworks */ = {
			isa = PBXFrameworksBuildPhase;
			buildActionMask = 2147483647;
			files = (
			);
			runOnlyForDeploymentPostprocessing = 0;
		};
/* End PBXFrameworksBuildPhase section */

/* Begin PBXGroup section */
		557A79EC1D75265800C2B61D = {
			isa = PBXGroup;
			children = (
				557A79F71D75265800C2B61D /* Cpp-temp */,
				557A79F61D75265800C2B61D /* Products */,
			);
			sourceTree = "<group>";
		};
		557A79F61D75265800C2B61D /* Products */ = {
			isa = PBXGroup;
			children = (
				557A79F51D75265800C2B61D /* Cpp-temp */,
			);
			name = Products;
			sourceTree = "<group>";
		};
		557A79F71D75265800C2B61D /* Cpp-temp */ = {
			isa = PBXGroup;
			children = (
				557A79F81D75265800C2B61D /* main.cpp */,
				557A79FF1D75277600C2B61D /* node-list.cpp */,
				557A7A001D75277600C2B61D /* main.hpp */,
			);
			path = "Cpp-temp";
			sourceTree = "<group>";
		};
/* End PBXGroup section */

/* Begin PBXNativeTarget section */
		557A79F41D75265800C2B61D /* Cpp-temp */ = {
			isa = PBXNativeTarget;
			buildConfigurationList = 557A79FC1D75265800C2B61D /* Build configuration list for PBXNativeTarget "Cpp-temp" */;
			buildPhases = (
				557A79F11D75265800C2B61D /* Sources */,
				557A79F21D75265800C2B61D /* Frameworks */,
				557A79F31D75265800C2B61D /* CopyFiles */,
			);
			buildRules = (
			);
			dependencies = (
			);
			name = "Cpp-temp";
			productName = "Cpp-temp";
			productReference = 557A79F51D75265800C2B61D /* Cpp-temp */;
			productType = "com.apple.product-type.tool";
		};
/* End PBXNativeTarget section */

/* Begin PBXProject section */
		557A79ED1D75265800C2B61D /* Project object */ = {
			isa = PBXProject;
			attributes = {
				LastUpgradeCheck = 0730;
				ORGANIZATIONNAME = "Soliva John Paul";
				TargetAttributes = {
					557A79F41D75265800C2B61D = {
						CreatedOnToolsVersion = 7.3.1;
					};
				};
			};
			buildConfigurationList = 557A79F01D75265800C2B61D /* Build configuration list for PBXProject "Cpp-temp" */;
			compatibilityVersion = "Xcode 3.2";
			developmentRegion = English;
			hasScannedForEncodings = 0;
			knownRegions = (
				en,
			);
			mainGroup = 557A79EC1D75265800C2B61D;
			productRefGroup = 557A79F61D75265800C2B61D /* Products */;
			projectDirPath = "";
			projectRoot = "";
			targets = (
				557A79F41D75265800C2B61D /* Cpp-temp */,
			);
		};
/* End PBXProject section */

/* Begin PBXSourcesBuildPhase section */
		557A79F11D75265800C2B61D /* Sources */ = {
			isa = PBXSourcesBuildPhase;
			buildActionMask = 2147483647;
			files = (
				557A79F91D75265800C2B61D /* main.cpp in Sources */,
				557A7A011D75277600C2B61D /* node-list.cpp in Sources */,
			);
			runOnlyForDeploymentPostprocessing = 0;
		};
/* End PBXSourcesBuildPhase section */

/* Begin XCBuildConfiguration section */
		557A79FA1D75265800C2B61D /* Debug */ = {
			isa = XCBuildConfiguration;
			buildSettings = {
				ALWAYS_SEARCH_USER_PATHS = NO;
				CLANG_ANALYZER_NONNULL = YES;
				CLANG_CXX_LANGUAGE_STANDARD = "gnu++0x";
				CLANG_CXX_LIBRARY = "libc++";
				CLANG_ENABLE_MODULES = YES;
				CLANG_ENABLE_OBJC_ARC = YES;
				CLANG_WARN_BOOL_CONVERSION = YES;
				CLANG_WARN_CONSTANT_CONVERSION = YES;
				CLANG_WARN_DIRECT_OBJC_ISA_USAGE = YES_ERROR;
				CLANG_WARN_EMPTY_BODY = YES;
				CLANG_WARN_ENUM_CONVERSION = YES;
				CLANG_WARN_INT_CONVERSION = YES;
				CLANG_WARN_OBJC_ROOT_CLASS = YES_ERROR;
				CLANG_WARN_UNREACHABLE_CODE = YES;
				CLANG_WARN__DUPLICATE_METHOD_MATCH = YES;
				CODE_SIGN_IDENTITY = "-";
				COPY_PHASE_STRIP = NO;
				DEBUG_INFORMATION_FORMAT = dwarf;
				ENABLE_STRICT_OBJC_MSGSEND = YES;
				ENABLE_TESTABILITY = YES;
				GCC_C_LANGUAGE_STANDARD = gnu99;
				GCC_DYNAMIC_NO_PIC = NO;
				GCC_NO_COMMON_BLOCKS = YES;
				GCC_OPTIMIZATION_LEVEL = 0;
				GCC_PREPROCESSOR_DEFINITIONS = (
					"DEBUG=1",
					"$(inherited)",
				);
				GCC_WARN_64_TO_32_BIT_CONVERSION = YES;
				GCC_WARN_ABOUT_RETURN_TYPE = YES_ERROR;
				GCC_WARN_UNDECLARED_SELECTOR = YES;
				GCC_WARN_UNINITIALIZED_AUTOS = YES_AGGRESSIVE;
				GCC_WARN_UNUSED_FUNCTION = YES;
				GCC_WARN_UNUSED_VARIABLE = YES;
				MACOSX_DEPLOYMENT_TARGET = 10.11;
				MTL_ENABLE_DEBUG_INFO = YES;
				ONLY_ACTIVE_ARCH = YES;
				SDKROOT = macosx;
			};
			name = Debug;
		};
		557A79FB1D75265800C2B61D /* Release */ = {
			isa = XCBuildConfiguration;
			buildSettings = {
				ALWAYS_SEARCH_USER_PATHS = NO;
				CLANG_ANALYZER_NONNULL = YES;
				CLANG_CXX_LANGUAGE_STANDARD = "gnu++0x";
				CLANG_CXX_LIBRARY = "libc++";
				CLANG_ENABLE_MODULES = YES;
				CLANG_ENABLE_OBJC_ARC = YES;
				CLANG_WARN_BOOL_CONVERSION = YES;
				CLANG_WARN_CONSTANT_CONVERSION = YES;
				CLANG_WARN_DIRECT_OBJC_ISA_USAGE = YES_ERROR;
				CLANG_WARN_EMPTY_BODY = YES;
				CLANG_WARN_ENUM_CONVERSION = YES;
				CLANG_WARN_INT_CONVERSION = YES;
				CLANG_WARN_OBJC_ROOT_CLASS = YES_ERROR;
				CLANG_WARN_UNREACHABLE_CODE = YES;
				CLANG_WARN__DUPLICATE_METHOD_MATCH = YES;
				CODE_SIGN_IDENTITY = "-";
				COPY_PHASE_STRIP = NO;
				DEBUG_INFORMATION_FORMAT = "dwarf-with-dsym";
				ENABLE_NS_ASSERTIONS = NO;
				ENABLE_STRICT_OBJC_MSGSEND = YES;
				GCC_C_LANGUAGE_STANDARD = gnu99;
				GCC_NO_COMMON_BLOCKS = YES;
				GCC_WARN_64_TO_32_BIT_CONVERSION = YES;
				GCC_WARN_ABOUT_RETURN_TYPE = YES_ERROR;
				GCC_WARN_UNDECLARED_SELECTOR = YES;
				GCC_WARN_UNINITIALIZED_AUTOS = YES_AGGRESSIVE;
				GCC_WARN_UNUSED_FUNCTION = YES;
				GCC_WARN_UNUSED_VARIABLE = YES;
				MACOSX_DEPLOYMENT_TARGET = 10.11;
				MTL_ENABLE_DEBUG_INFO = NO;
				SDKROOT = macosx;
			};
			name = Release;
		};
		557A79FD1D75265800C2B61D /* Debug */ = {
			isa = XCBuildConfiguration;
			buildSettings = {
				PRODUCT_NAME = "$(TARGET_NAME)";
			};
			name = Debug;
		};
		557A79FE1D75265800C2B61D /* Release */ = {
			isa = XCBuildConfiguration;
			buildSettings = {
				PRODUCT_NAME = "$(TARGET_NAME)";
			};
			name = Release;
		};
/* End XCBuildConfiguration section */

/* Begin XCConfigurationList section */
		557A79F01D75265800C2B61D /* Build configuration list for PBXProject "Cpp-temp" */ = {
			isa = XCConfigurationList;
			buildConfigurations = (
				557A79FA1D75265800C2B61D /* Debug */,
				557A79FB1D75265800C2B61D /* Release */,
			);
			defaultConfigurationIsVisible = 0;
			defaultConfigurationName = Release;
		};
		557A79FC1D75265800C2B61D /* Build configuration list for PBXNativeTarget "Cpp-temp" */ = {
			isa = XCConfigurationList;
			buildConfigurations = (
				557A79FD1D75265800C2B61D /* Debug */,
				557A79FE1D75265800C2B61D /* Release */,
			);
			defaultConfigurationIsVisible = 0;
		};
/* End XCConfigurationList section */
	};
	rootObject = 557A79ED1D75265800C2B61D /* Project object */;
}
